
Microsoft Visual Studio Solution File, Format Version 12.00
# Visual Studio Version 16
VisualStudioVersion = 16.0.30114.105
MinimumVisualStudioVersion = 10.0.40219.1
Project("{FAE04EC0-301F-11D3-BF4B-00C04F79EFBC}") = "PDF_Table_to_pin", "PDF_Table_to_pin\PDF_Table_to_pin.csproj", "{353746AB-638A-4F09-9595-E84482374227}"
EndProject
Global
	GlobalSection(SolutionConfigurationPlatforms) = preSolution
		Debug|Any CPU = Debug|Any CPU
		Release|Any CPU = Release|Any CPU
	EndGlobalSection
	GlobalSection(ProjectConfigurationPlatforms) = postSolution
		{353746AB-638A-4F09-9595-E84482374227}.Debug|Any CPU.ActiveCfg = Debug|Any CPU
		{353746AB-638A-4F09-9595-E84482374227}.Debug|Any CPU.Build.0 = Debug|Any CPU
		{353746AB-638A-4F09-9595-E84482374227}.Release|Any CPU.ActiveCfg = Release|Any CPU
		{353746AB-638A-4F09-9595-E84482374227}.Release|Any CPU.Build.0 = Release|Any CPU
	EndGlobalSection
	GlobalSection(SolutionProperties) = preSolution
		HideSolutionNode = FALSE
	EndGlobalSection
	GlobalSection(ExtensibilityGlobals) = postSolution
		SolutionGuid = {273BE9F0-138C-49CC-92B7-CC34C5453313}
	EndGlobalSection
EndGlobal
